
Microsoft Visual Studio Solution File, Format Version 12.00
# Visual Studio Version 17
VisualStudioVersion = 17.9.34622.214
MinimumVisualStudioVersion = 10.0.40219.1
Project("{FAE04EC0-301F-11D3-BF4B-00C04F79EFBC}") = "_08_1_PolymorphismWithoutInheritance", "_08_1_PolymorphismWithoutInheritance.csproj", "{79D398AC-0A34-42FA-AE88-1D434B70C3A0}"
EndProject
Project("{FAE04EC0-301F-11D3-BF4B-00C04F79EFBC}") = "_02_PolymorphismWithInheritance", "..\_02_PolymorphismWithInheritance\_02_PolymorphismWithInheritance.csproj", "{C291BB04-63AA-4FF4-AC00-CD248F4A0867}"
EndProject
Global
	GlobalSection(SolutionConfigurationPlatforms) = preSolution
		Debug|Any CPU = Debug|Any CPU
		Release|Any CPU = Release|Any CPU
	EndGlobalSection
	GlobalSection(ProjectConfigurationPlatforms) = postSolution
		{79D398AC-0A34-42FA-AE88-1D434B70C3A0}.Debug|Any CPU.ActiveCfg = Debug|Any CPU
		{79D398AC-0A34-42FA-AE88-1D434B70C3A0}.Debug|Any CPU.Build.0 = Debug|Any CPU
		{79D398AC-0A34-42FA-AE88-1D434B70C3A0}.Release|Any CPU.ActiveCfg = Release|Any CPU
		{79D398AC-0A34-42FA-AE88-1D434B70C3A0}.Release|Any CPU.Build.0 = Release|Any CPU
		{C291BB04-63AA-4FF4-AC00-CD248F4A0867}.Debug|Any CPU.ActiveCfg = Debug|Any CPU
		{C291BB04-63AA-4FF4-AC00-CD248F4A0867}.Debug|Any CPU.Build.0 = Debug|Any CPU
		{C291BB04-63AA-4FF4-AC00-CD248F4A0867}.Release|Any CPU.ActiveCfg = Release|Any CPU
		{C291BB04-63AA-4FF4-AC00-CD248F4A0867}.Release|Any CPU.Build.0 = Release|Any CPU
	EndGlobalSection
	GlobalSection(SolutionProperties) = preSolution
		HideSolutionNode = FALSE
	EndGlobalSection
	GlobalSection(ExtensibilityGlobals) = postSolution
		SolutionGuid = {C168DEED-F4BF-4340-9A2C-F07AB1DF620D}
	EndGlobalSection
EndGlobal
