
Microsoft Visual Studio Solution File, Format Version 12.00
# Visual Studio Version 17
VisualStudioVersion = 17.11.35222.181
MinimumVisualStudioVersion = 10.0.40219.1
Project("{FAE04EC0-301F-11D3-BF4B-00C04F79EFBC}") = "_01_TryCatch", "_01_TryCatch\_01_TryCatch.csproj", "{E2A3D40C-B991-4EF8-B094-ED2AFE532081}"
EndProject
Project("{FAE04EC0-301F-11D3-BF4B-00C04F79EFBC}") = "_02_TryCatchFinally", "_02_TryCatchFinally\_02_TryCatchFinally.csproj", "{EA81036D-5E10-4A42-B810-ABE8C5B2E3C7}"
EndProject
Project("{FAE04EC0-301F-11D3-BF4B-00C04F79EFBC}") = "_03_ThrowExceptionBasic", "_03_ThrowExceptionBasic\_03_ThrowExceptionBasic.csproj", "{E0DAE4F4-A70C-484B-9EB5-AFE29FB48AD2}"
EndProject
Project("{FAE04EC0-301F-11D3-BF4B-00C04F79EFBC}") = "_04_ThrowIndexOutOfRangeException", "_04_ThrowIndexOutOfRangeException\_04_ThrowIndexOutOfRangeException.csproj", "{BFF911BA-D23C-4C5B-9091-C65286203BB7}"
EndProject
Project("{FAE04EC0-301F-11D3-BF4B-00C04F79EFBC}") = "_05_Rethrow", "_05_Rethrow\_05_Rethrow.csproj", "{552CB3CA-DB92-4A00-94E9-78926729AA1E}"
EndProject
Project("{FAE04EC0-301F-11D3-BF4B-00C04F79EFBC}") = "_06_TryCatchMain", "_06_TryCatchMain\_06_TryCatchMain.csproj", "{B7561BD6-5637-4ABF-9256-9DE34869329E}"
EndProject
Project("{FAE04EC0-301F-11D3-BF4B-00C04F79EFBC}") = "_07_MultipleException", "_07_MultipleException\_07_MultipleException.csproj", "{41AB5559-38C7-446E-A982-A2B7DA6864AA}"
EndProject
Project("{FAE04EC0-301F-11D3-BF4B-00C04F79EFBC}") = "_08_MultiCatch", "_08_MultiCatch\_08_MultiCatch.csproj", "{391F1520-0E46-42A5-A58D-0CF61A32D334}"
EndProject
Global
	GlobalSection(SolutionConfigurationPlatforms) = preSolution
		Debug|Any CPU = Debug|Any CPU
		Release|Any CPU = Release|Any CPU
	EndGlobalSection
	GlobalSection(ProjectConfigurationPlatforms) = postSolution
		{E2A3D40C-B991-4EF8-B094-ED2AFE532081}.Debug|Any CPU.ActiveCfg = Debug|Any CPU
		{E2A3D40C-B991-4EF8-B094-ED2AFE532081}.Debug|Any CPU.Build.0 = Debug|Any CPU
		{E2A3D40C-B991-4EF8-B094-ED2AFE532081}.Release|Any CPU.ActiveCfg = Release|Any CPU
		{E2A3D40C-B991-4EF8-B094-ED2AFE532081}.Release|Any CPU.Build.0 = Release|Any CPU
		{EA81036D-5E10-4A42-B810-ABE8C5B2E3C7}.Debug|Any CPU.ActiveCfg = Debug|Any CPU
		{EA81036D-5E10-4A42-B810-ABE8C5B2E3C7}.Debug|Any CPU.Build.0 = Debug|Any CPU
		{EA81036D-5E10-4A42-B810-ABE8C5B2E3C7}.Release|Any CPU.ActiveCfg = Release|Any CPU
		{EA81036D-5E10-4A42-B810-ABE8C5B2E3C7}.Release|Any CPU.Build.0 = Release|Any CPU
		{E0DAE4F4-A70C-484B-9EB5-AFE29FB48AD2}.Debug|Any CPU.ActiveCfg = Debug|Any CPU
		{E0DAE4F4-A70C-484B-9EB5-AFE29FB48AD2}.Debug|Any CPU.Build.0 = Debug|Any CPU
		{E0DAE4F4-A70C-484B-9EB5-AFE29FB48AD2}.Release|Any CPU.ActiveCfg = Release|Any CPU
		{E0DAE4F4-A70C-484B-9EB5-AFE29FB48AD2}.Release|Any CPU.Build.0 = Release|Any CPU
		{BFF911BA-D23C-4C5B-9091-C65286203BB7}.Debug|Any CPU.ActiveCfg = Debug|Any CPU
		{BFF911BA-D23C-4C5B-9091-C65286203BB7}.Debug|Any CPU.Build.0 = Debug|Any CPU
		{BFF911BA-D23C-4C5B-9091-C65286203BB7}.Release|Any CPU.ActiveCfg = Release|Any CPU
		{BFF911BA-D23C-4C5B-9091-C65286203BB7}.Release|Any CPU.Build.0 = Release|Any CPU
		{552CB3CA-DB92-4A00-94E9-78926729AA1E}.Debug|Any CPU.ActiveCfg = Debug|Any CPU
		{552CB3CA-DB92-4A00-94E9-78926729AA1E}.Debug|Any CPU.Build.0 = Debug|Any CPU
		{552CB3CA-DB92-4A00-94E9-78926729AA1E}.Release|Any CPU.ActiveCfg = Release|Any CPU
		{552CB3CA-DB92-4A00-94E9-78926729AA1E}.Release|Any CPU.Build.0 = Release|Any CPU
		{B7561BD6-5637-4ABF-9256-9DE34869329E}.Debug|Any CPU.ActiveCfg = Debug|Any CPU
		{B7561BD6-5637-4ABF-9256-9DE34869329E}.Debug|Any CPU.Build.0 = Debug|Any CPU
		{B7561BD6-5637-4ABF-9256-9DE34869329E}.Release|Any CPU.ActiveCfg = Release|Any CPU
		{B7561BD6-5637-4ABF-9256-9DE34869329E}.Release|Any CPU.Build.0 = Release|Any CPU
		{41AB5559-38C7-446E-A982-A2B7DA6864AA}.Debug|Any CPU.ActiveCfg = Debug|Any CPU
		{41AB5559-38C7-446E-A982-A2B7DA6864AA}.Debug|Any CPU.Build.0 = Debug|Any CPU
		{41AB5559-38C7-446E-A982-A2B7DA6864AA}.Release|Any CPU.ActiveCfg = Release|Any CPU
		{41AB5559-38C7-446E-A982-A2B7DA6864AA}.Release|Any CPU.Build.0 = Release|Any CPU
		{391F1520-0E46-42A5-A58D-0CF61A32D334}.Debug|Any CPU.ActiveCfg = Debug|Any CPU
		{391F1520-0E46-42A5-A58D-0CF61A32D334}.Debug|Any CPU.Build.0 = Debug|Any CPU
		{391F1520-0E46-42A5-A58D-0CF61A32D334}.Release|Any CPU.ActiveCfg = Release|Any CPU
		{391F1520-0E46-42A5-A58D-0CF61A32D334}.Release|Any CPU.Build.0 = Release|Any CPU
	EndGlobalSection
	GlobalSection(SolutionProperties) = preSolution
		HideSolutionNode = FALSE
	EndGlobalSection
	GlobalSection(ExtensibilityGlobals) = postSolution
		SolutionGuid = {06E2CA37-C1A9-4907-9830-DF45AB34A633}
	EndGlobalSection
EndGlobal
