
Microsoft Visual Studio Solution File, Format Version 12.00
# Visual Studio Version 17
VisualStudioVersion = 17.11.35303.130
MinimumVisualStudioVersion = 10.0.40219.1
Project("{FAE04EC0-301F-11D3-BF4B-00C04F79EFBC}") = "_02_InheritanceWindowsApp", "_02_InheritanceWindowsApp\_02_InheritanceWindowsApp.csproj", "{90B34755-1F78-41ED-AF46-CE0E838DC805}"
EndProject
Project("{FAE04EC0-301F-11D3-BF4B-00C04F79EFBC}") = "_01_InheritanceConsoleApp", "_01_InheritanceConsoleApp\_01_InheritanceConsoleApp.csproj", "{B03AEB98-1D13-4522-B34E-EC7E20F5149C}"
EndProject
Project("{FAE04EC0-301F-11D3-BF4B-00C04F79EFBC}") = "PersonManager", "PersonManager\PersonManager.csproj", "{30DD1C26-D34E-4A0A-AB3A-01B8A5D88C69}"
EndProject
Global
	GlobalSection(SolutionConfigurationPlatforms) = preSolution
		Debug|Any CPU = Debug|Any CPU
		Release|Any CPU = Release|Any CPU
	EndGlobalSection
	GlobalSection(ProjectConfigurationPlatforms) = postSolution
		{90B34755-1F78-41ED-AF46-CE0E838DC805}.Debug|Any CPU.ActiveCfg = Debug|Any CPU
		{90B34755-1F78-41ED-AF46-CE0E838DC805}.Debug|Any CPU.Build.0 = Debug|Any CPU
		{90B34755-1F78-41ED-AF46-CE0E838DC805}.Release|Any CPU.ActiveCfg = Release|Any CPU
		{90B34755-1F78-41ED-AF46-CE0E838DC805}.Release|Any CPU.Build.0 = Release|Any CPU
		{B03AEB98-1D13-4522-B34E-EC7E20F5149C}.Debug|Any CPU.ActiveCfg = Debug|Any CPU
		{B03AEB98-1D13-4522-B34E-EC7E20F5149C}.Debug|Any CPU.Build.0 = Debug|Any CPU
		{B03AEB98-1D13-4522-B34E-EC7E20F5149C}.Release|Any CPU.ActiveCfg = Release|Any CPU
		{B03AEB98-1D13-4522-B34E-EC7E20F5149C}.Release|Any CPU.Build.0 = Release|Any CPU
		{30DD1C26-D34E-4A0A-AB3A-01B8A5D88C69}.Debug|Any CPU.ActiveCfg = Debug|Any CPU
		{30DD1C26-D34E-4A0A-AB3A-01B8A5D88C69}.Debug|Any CPU.Build.0 = Debug|Any CPU
		{30DD1C26-D34E-4A0A-AB3A-01B8A5D88C69}.Release|Any CPU.ActiveCfg = Release|Any CPU
		{30DD1C26-D34E-4A0A-AB3A-01B8A5D88C69}.Release|Any CPU.Build.0 = Release|Any CPU
	EndGlobalSection
	GlobalSection(SolutionProperties) = preSolution
		HideSolutionNode = FALSE
	EndGlobalSection
	GlobalSection(ExtensibilityGlobals) = postSolution
		SolutionGuid = {6FE5CEB8-8A98-4B3F-A610-BAA955A0CDB2}
	EndGlobalSection
EndGlobal
