
Microsoft Visual Studio Solution File, Format Version 12.00
# Visual Studio Version 17
VisualStudioVersion = 17.9.34622.214
MinimumVisualStudioVersion = 10.0.40219.1
Project("{FAE04EC0-301F-11D3-BF4B-00C04F79EFBC}") = "AnimalSounds", "AnimalSounds\AnimalSounds.csproj", "{6486245D-3013-4885-A5CE-1F8EF6389AEB}"
EndProject
Global
	GlobalSection(SolutionConfigurationPlatforms) = preSolution
		Debug|Any CPU = Debug|Any CPU
		Release|Any CPU = Release|Any CPU
	EndGlobalSection
	GlobalSection(ProjectConfigurationPlatforms) = postSolution
		{6486245D-3013-4885-A5CE-1F8EF6389AEB}.Debug|Any CPU.ActiveCfg = Debug|Any CPU
		{6486245D-3013-4885-A5CE-1F8EF6389AEB}.Debug|Any CPU.Build.0 = Debug|Any CPU
		{6486245D-3013-4885-A5CE-1F8EF6389AEB}.Release|Any CPU.ActiveCfg = Release|Any CPU
		{6486245D-3013-4885-A5CE-1F8EF6389AEB}.Release|Any CPU.Build.0 = Release|Any CPU
	EndGlobalSection
	GlobalSection(SolutionProperties) = preSolution
		HideSolutionNode = FALSE
	EndGlobalSection
	GlobalSection(ExtensibilityGlobals) = postSolution
		SolutionGuid = {A4F028EA-6382-4F3A-828D-15AB4032055C}
	EndGlobalSection
EndGlobal
